
Microsoft Visual Studio Solution File, Format Version 12.00
# Visual Studio Version 16
VisualStudioVersion = 16.0.31410.357
MinimumVisualStudioVersion = 10.0.40219.1
Project("{FAE04EC0-301F-11D3-BF4B-00C04F79EFBC}") = "Dictionary", "Dictionary\Dictionary.csproj", "{35883F57-B423-4D5A-AFB8-BAD418435454}"
EndProject
Global
	GlobalSection(SolutionConfigurationPlatforms) = preSolution
		Debug|Any CPU = Debug|Any CPU
		Release|Any CPU = Release|Any CPU
	EndGlobalSection
	GlobalSection(ProjectConfigurationPlatforms) = postSolution
		{35883F57-B423-4D5A-AFB8-BAD418435454}.Debug|Any CPU.ActiveCfg = Debug|Any CPU
		{35883F57-B423-4D5A-AFB8-BAD418435454}.Debug|Any CPU.Build.0 = Debug|Any CPU
		{35883F57-B423-4D5A-AFB8-BAD418435454}.Release|Any CPU.ActiveCfg = Release|Any CPU
		{35883F57-B423-4D5A-AFB8-BAD418435454}.Release|Any CPU.Build.0 = Release|Any CPU
	EndGlobalSection
	GlobalSection(SolutionProperties) = preSolution
		HideSolutionNode = FALSE
	EndGlobalSection
	GlobalSection(ExtensibilityGlobals) = postSolution
		SolutionGuid = {3ED54C3D-34EC-479E-B07C-6C5E80F8FE2E}
	EndGlobalSection
EndGlobal
